
Microsoft Visual Studio Solution File, Format Version 12.00
# Visual Studio 15
Project("{FAE04EC0-301F-11D3-BF4B-00C04F79EFBC}") = "AspNetCoreWithAngular", "AspNetCoreWithAngular.csproj", "{B3784058-306B-4B2D-BBD2-EC1FA9627002}"
EndProject
Global
	GlobalSection(SolutionConfigurationPlatforms) = preSolution
		Debug|Any CPU = Debug|Any CPU
		Release|Any CPU = Release|Any CPU
	EndGlobalSection
	GlobalSection(ProjectConfigurationPlatforms) = postSolution
		{B3784058-306B-4B2D-BBD2-EC1FA9627002}.Debug|Any CPU.ActiveCfg = Debug|Any CPU
		{B3784058-306B-4B2D-BBD2-EC1FA9627002}.Debug|Any CPU.Build.0 = Debug|Any CPU
		{B3784058-306B-4B2D-BBD2-EC1FA9627002}.Release|Any CPU.ActiveCfg = Release|Any CPU
		{B3784058-306B-4B2D-BBD2-EC1FA9627002}.Release|Any CPU.Build.0 = Release|Any CPU
	EndGlobalSection
EndGlobal
